
Microsoft Visual Studio Solution File, Format Version 12.00
# Visual Studio Version 17
VisualStudioVersion = 17.9.34701.34
MinimumVisualStudioVersion = 10.0.40219.1
Project("{FAE04EC0-301F-11D3-BF4B-00C04F79EFBC}") = "procedimientoSumaResta", "procedimientoSumaResta\procedimientoSumaResta.csproj", "{79120358-58F9-444A-A706-35BCA8647177}"
EndProject
Global
	GlobalSection(SolutionConfigurationPlatforms) = preSolution
		Debug|Any CPU = Debug|Any CPU
		Release|Any CPU = Release|Any CPU
	EndGlobalSection
	GlobalSection(ProjectConfigurationPlatforms) = postSolution
		{79120358-58F9-444A-A706-35BCA8647177}.Debug|Any CPU.ActiveCfg = Debug|Any CPU
		{79120358-58F9-444A-A706-35BCA8647177}.Debug|Any CPU.Build.0 = Debug|Any CPU
		{79120358-58F9-444A-A706-35BCA8647177}.Release|Any CPU.ActiveCfg = Release|Any CPU
		{79120358-58F9-444A-A706-35BCA8647177}.Release|Any CPU.Build.0 = Release|Any CPU
	EndGlobalSection
	GlobalSection(SolutionProperties) = preSolution
		HideSolutionNode = FALSE
	EndGlobalSection
	GlobalSection(ExtensibilityGlobals) = postSolution
		SolutionGuid = {60022FC0-2365-46AF-9794-F3CC38C72B03}
	EndGlobalSection
EndGlobal
