
Microsoft Visual Studio Solution File, Format Version 12.00
# Visual Studio Version 17
VisualStudioVersion = 17.9.34701.34
MinimumVisualStudioVersion = 10.0.40219.1
Project("{FAE04EC0-301F-11D3-BF4B-00C04F79EFBC}") = "condicionalLamparitas", "condicionalLamparitas\condicionalLamparitas.csproj", "{5EB3CDFB-4DB8-4EFB-82CB-E25926C427F3}"
EndProject
Global
	GlobalSection(SolutionConfigurationPlatforms) = preSolution
		Debug|Any CPU = Debug|Any CPU
		Release|Any CPU = Release|Any CPU
	EndGlobalSection
	GlobalSection(ProjectConfigurationPlatforms) = postSolution
		{5EB3CDFB-4DB8-4EFB-82CB-E25926C427F3}.Debug|Any CPU.ActiveCfg = Debug|Any CPU
		{5EB3CDFB-4DB8-4EFB-82CB-E25926C427F3}.Debug|Any CPU.Build.0 = Debug|Any CPU
		{5EB3CDFB-4DB8-4EFB-82CB-E25926C427F3}.Release|Any CPU.ActiveCfg = Release|Any CPU
		{5EB3CDFB-4DB8-4EFB-82CB-E25926C427F3}.Release|Any CPU.Build.0 = Release|Any CPU
	EndGlobalSection
	GlobalSection(SolutionProperties) = preSolution
		HideSolutionNode = FALSE
	EndGlobalSection
	GlobalSection(ExtensibilityGlobals) = postSolution
		SolutionGuid = {D03B335E-2C7C-4C19-98FC-9707641ADA4F}
	EndGlobalSection
EndGlobal
