
Microsoft Visual Studio Solution File, Format Version 12.00
# Visual Studio Version 17
VisualStudioVersion = 17.9.34701.34
MinimumVisualStudioVersion = 10.0.40219.1
Project("{FAE04EC0-301F-11D3-BF4B-00C04F79EFBC}") = "hoy", "hoy\hoy.csproj", "{DCA4BC80-17FF-47AA-9934-24F18A2E8943}"
EndProject
Global
	GlobalSection(SolutionConfigurationPlatforms) = preSolution
		Debug|Any CPU = Debug|Any CPU
		Release|Any CPU = Release|Any CPU
	EndGlobalSection
	GlobalSection(ProjectConfigurationPlatforms) = postSolution
		{DCA4BC80-17FF-47AA-9934-24F18A2E8943}.Debug|Any CPU.ActiveCfg = Debug|Any CPU
		{DCA4BC80-17FF-47AA-9934-24F18A2E8943}.Debug|Any CPU.Build.0 = Debug|Any CPU
		{DCA4BC80-17FF-47AA-9934-24F18A2E8943}.Release|Any CPU.ActiveCfg = Release|Any CPU
		{DCA4BC80-17FF-47AA-9934-24F18A2E8943}.Release|Any CPU.Build.0 = Release|Any CPU
	EndGlobalSection
	GlobalSection(SolutionProperties) = preSolution
		HideSolutionNode = FALSE
	EndGlobalSection
	GlobalSection(ExtensibilityGlobals) = postSolution
		SolutionGuid = {E97A3727-F5EC-45E6-9A76-B453DD700961}
	EndGlobalSection
EndGlobal
