
Microsoft Visual Studio Solution File, Format Version 12.00
# Visual Studio Version 17
VisualStudioVersion = 17.9.34701.34
MinimumVisualStudioVersion = 10.0.40219.1
Project("{FAE04EC0-301F-11D3-BF4B-00C04F79EFBC}") = "funciones3CreacionFuncion", "funciones3CreacionFuncion\funciones3CreacionFuncion.csproj", "{7F675817-22CD-4B8A-A3BF-C4053AB6D25B}"
EndProject
Global
	GlobalSection(SolutionConfigurationPlatforms) = preSolution
		Debug|Any CPU = Debug|Any CPU
		Release|Any CPU = Release|Any CPU
	EndGlobalSection
	GlobalSection(ProjectConfigurationPlatforms) = postSolution
		{7F675817-22CD-4B8A-A3BF-C4053AB6D25B}.Debug|Any CPU.ActiveCfg = Debug|Any CPU
		{7F675817-22CD-4B8A-A3BF-C4053AB6D25B}.Debug|Any CPU.Build.0 = Debug|Any CPU
		{7F675817-22CD-4B8A-A3BF-C4053AB6D25B}.Release|Any CPU.ActiveCfg = Release|Any CPU
		{7F675817-22CD-4B8A-A3BF-C4053AB6D25B}.Release|Any CPU.Build.0 = Release|Any CPU
	EndGlobalSection
	GlobalSection(SolutionProperties) = preSolution
		HideSolutionNode = FALSE
	EndGlobalSection
	GlobalSection(ExtensibilityGlobals) = postSolution
		SolutionGuid = {5377251B-E444-47F5-A07F-713D364371B0}
	EndGlobalSection
EndGlobal
