
Microsoft Visual Studio Solution File, Format Version 12.00
# Visual Studio Version 17
VisualStudioVersion = 17.9.34701.34
MinimumVisualStudioVersion = 10.0.40219.1
Project("{FAE04EC0-301F-11D3-BF4B-00C04F79EFBC}") = "edadGeneroMayor", "edadGeneroMayor\edadGeneroMayor.csproj", "{5BD2354F-1FA6-43A8-8A26-F64E81C66147}"
EndProject
Global
	GlobalSection(SolutionConfigurationPlatforms) = preSolution
		Debug|Any CPU = Debug|Any CPU
		Release|Any CPU = Release|Any CPU
	EndGlobalSection
	GlobalSection(ProjectConfigurationPlatforms) = postSolution
		{5BD2354F-1FA6-43A8-8A26-F64E81C66147}.Debug|Any CPU.ActiveCfg = Debug|Any CPU
		{5BD2354F-1FA6-43A8-8A26-F64E81C66147}.Debug|Any CPU.Build.0 = Debug|Any CPU
		{5BD2354F-1FA6-43A8-8A26-F64E81C66147}.Release|Any CPU.ActiveCfg = Release|Any CPU
		{5BD2354F-1FA6-43A8-8A26-F64E81C66147}.Release|Any CPU.Build.0 = Release|Any CPU
	EndGlobalSection
	GlobalSection(SolutionProperties) = preSolution
		HideSolutionNode = FALSE
	EndGlobalSection
	GlobalSection(ExtensibilityGlobals) = postSolution
		SolutionGuid = {A3A9A62F-9344-4326-B443-E6F4842F6DCC}
	EndGlobalSection
EndGlobal
