
Microsoft Visual Studio Solution File, Format Version 12.00
# Visual Studio Version 17
VisualStudioVersion = 17.9.34701.34
MinimumVisualStudioVersion = 10.0.40219.1
Project("{FAE04EC0-301F-11D3-BF4B-00C04F79EFBC}") = "estructuraDoWhile", "estructuraDoWhile\estructuraDoWhile.csproj", "{ABDB9D4D-BE33-41D4-BF4E-1BD9A13ED1F6}"
EndProject
Global
	GlobalSection(SolutionConfigurationPlatforms) = preSolution
		Debug|Any CPU = Debug|Any CPU
		Release|Any CPU = Release|Any CPU
	EndGlobalSection
	GlobalSection(ProjectConfigurationPlatforms) = postSolution
		{ABDB9D4D-BE33-41D4-BF4E-1BD9A13ED1F6}.Debug|Any CPU.ActiveCfg = Debug|Any CPU
		{ABDB9D4D-BE33-41D4-BF4E-1BD9A13ED1F6}.Debug|Any CPU.Build.0 = Debug|Any CPU
		{ABDB9D4D-BE33-41D4-BF4E-1BD9A13ED1F6}.Release|Any CPU.ActiveCfg = Release|Any CPU
		{ABDB9D4D-BE33-41D4-BF4E-1BD9A13ED1F6}.Release|Any CPU.Build.0 = Release|Any CPU
	EndGlobalSection
	GlobalSection(SolutionProperties) = preSolution
		HideSolutionNode = FALSE
	EndGlobalSection
	GlobalSection(ExtensibilityGlobals) = postSolution
		SolutionGuid = {D4A75F2F-ECCD-4A82-8A4B-D69E7D73C7C4}
	EndGlobalSection
EndGlobal
