
Microsoft Visual Studio Solution File, Format Version 12.00
# Visual Studio Version 17
VisualStudioVersion = 17.9.34728.123
MinimumVisualStudioVersion = 10.0.40219.1
Project("{FAE04EC0-301F-11D3-BF4B-00C04F79EFBC}") = "5NumMaxMinProm", "5NumMaxMinProm\5NumMaxMinProm.csproj", "{52E46333-AB16-4711-AA03-B8E04E62B43C}"
EndProject
Global
	GlobalSection(SolutionConfigurationPlatforms) = preSolution
		Debug|Any CPU = Debug|Any CPU
		Release|Any CPU = Release|Any CPU
	EndGlobalSection
	GlobalSection(ProjectConfigurationPlatforms) = postSolution
		{52E46333-AB16-4711-AA03-B8E04E62B43C}.Debug|Any CPU.ActiveCfg = Debug|Any CPU
		{52E46333-AB16-4711-AA03-B8E04E62B43C}.Debug|Any CPU.Build.0 = Debug|Any CPU
		{52E46333-AB16-4711-AA03-B8E04E62B43C}.Release|Any CPU.ActiveCfg = Release|Any CPU
		{52E46333-AB16-4711-AA03-B8E04E62B43C}.Release|Any CPU.Build.0 = Release|Any CPU
	EndGlobalSection
	GlobalSection(SolutionProperties) = preSolution
		HideSolutionNode = FALSE
	EndGlobalSection
	GlobalSection(ExtensibilityGlobals) = postSolution
		SolutionGuid = {6DDBDE68-D182-4F0D-AEA7-666D602716C8}
	EndGlobalSection
EndGlobal
