
Microsoft Visual Studio Solution File, Format Version 12.00
# Visual Studio Version 17
VisualStudioVersion = 17.9.34701.34
MinimumVisualStudioVersion = 10.0.40219.1
Project("{FAE04EC0-301F-11D3-BF4B-00C04F79EFBC}") = "arraysEj15Caracteres", "arraysEj15Caracteres\arraysEj15Caracteres.csproj", "{33350E36-C407-4531-BE90-B6F2B05A57BA}"
EndProject
Global
	GlobalSection(SolutionConfigurationPlatforms) = preSolution
		Debug|Any CPU = Debug|Any CPU
		Release|Any CPU = Release|Any CPU
	EndGlobalSection
	GlobalSection(ProjectConfigurationPlatforms) = postSolution
		{33350E36-C407-4531-BE90-B6F2B05A57BA}.Debug|Any CPU.ActiveCfg = Debug|Any CPU
		{33350E36-C407-4531-BE90-B6F2B05A57BA}.Debug|Any CPU.Build.0 = Debug|Any CPU
		{33350E36-C407-4531-BE90-B6F2B05A57BA}.Release|Any CPU.ActiveCfg = Release|Any CPU
		{33350E36-C407-4531-BE90-B6F2B05A57BA}.Release|Any CPU.Build.0 = Release|Any CPU
	EndGlobalSection
	GlobalSection(SolutionProperties) = preSolution
		HideSolutionNode = FALSE
	EndGlobalSection
	GlobalSection(ExtensibilityGlobals) = postSolution
		SolutionGuid = {900E8BD1-EB9A-4548-B5C4-F8F95580FE1E}
	EndGlobalSection
EndGlobal
