
Microsoft Visual Studio Solution File, Format Version 12.00
# Visual Studio Version 17
VisualStudioVersion = 17.9.34701.34
MinimumVisualStudioVersion = 10.0.40219.1
Project("{FAE04EC0-301F-11D3-BF4B-00C04F79EFBC}") = "OtrasFuncionesConArrays", "OtrasFuncionesConArrays\OtrasFuncionesConArrays.csproj", "{050F2814-3DFC-4308-B6E6-E5A6E43C22A6}"
EndProject
Global
	GlobalSection(SolutionConfigurationPlatforms) = preSolution
		Debug|Any CPU = Debug|Any CPU
		Release|Any CPU = Release|Any CPU
	EndGlobalSection
	GlobalSection(ProjectConfigurationPlatforms) = postSolution
		{050F2814-3DFC-4308-B6E6-E5A6E43C22A6}.Debug|Any CPU.ActiveCfg = Debug|Any CPU
		{050F2814-3DFC-4308-B6E6-E5A6E43C22A6}.Debug|Any CPU.Build.0 = Debug|Any CPU
		{050F2814-3DFC-4308-B6E6-E5A6E43C22A6}.Release|Any CPU.ActiveCfg = Release|Any CPU
		{050F2814-3DFC-4308-B6E6-E5A6E43C22A6}.Release|Any CPU.Build.0 = Release|Any CPU
	EndGlobalSection
	GlobalSection(SolutionProperties) = preSolution
		HideSolutionNode = FALSE
	EndGlobalSection
	GlobalSection(ExtensibilityGlobals) = postSolution
		SolutionGuid = {FDC12F43-6C37-4B23-A24A-11ECA1AE93C0}
	EndGlobalSection
EndGlobal
