
Microsoft Visual Studio Solution File, Format Version 12.00
# Visual Studio Version 17
VisualStudioVersion = 17.9.34701.34
MinimumVisualStudioVersion = 10.0.40219.1
Project("{FAE04EC0-301F-11D3-BF4B-00C04F79EFBC}") = "mayorDe3Numeros", "mayorDe3Numeros\mayorDe3Numeros.csproj", "{ED2B3B96-2ED0-4A33-9635-729DB8043003}"
EndProject
Global
	GlobalSection(SolutionConfigurationPlatforms) = preSolution
		Debug|Any CPU = Debug|Any CPU
		Release|Any CPU = Release|Any CPU
	EndGlobalSection
	GlobalSection(ProjectConfigurationPlatforms) = postSolution
		{ED2B3B96-2ED0-4A33-9635-729DB8043003}.Debug|Any CPU.ActiveCfg = Debug|Any CPU
		{ED2B3B96-2ED0-4A33-9635-729DB8043003}.Debug|Any CPU.Build.0 = Debug|Any CPU
		{ED2B3B96-2ED0-4A33-9635-729DB8043003}.Release|Any CPU.ActiveCfg = Release|Any CPU
		{ED2B3B96-2ED0-4A33-9635-729DB8043003}.Release|Any CPU.Build.0 = Release|Any CPU
	EndGlobalSection
	GlobalSection(SolutionProperties) = preSolution
		HideSolutionNode = FALSE
	EndGlobalSection
	GlobalSection(ExtensibilityGlobals) = postSolution
		SolutionGuid = {E041EF9E-F5C3-476F-A74B-4E2D68C4CD1C}
	EndGlobalSection
EndGlobal
