
Microsoft Visual Studio Solution File, Format Version 12.00
# Visual Studio Version 17
VisualStudioVersion = 17.9.34701.34
MinimumVisualStudioVersion = 10.0.40219.1
Project("{FAE04EC0-301F-11D3-BF4B-00C04F79EFBC}") = "funcionesEjerc3", "funcionesEjerc3\funcionesEjerc3.csproj", "{A94E6533-4025-4A7F-B684-28155A5715BB}"
EndProject
Global
	GlobalSection(SolutionConfigurationPlatforms) = preSolution
		Debug|Any CPU = Debug|Any CPU
		Release|Any CPU = Release|Any CPU
	EndGlobalSection
	GlobalSection(ProjectConfigurationPlatforms) = postSolution
		{A94E6533-4025-4A7F-B684-28155A5715BB}.Debug|Any CPU.ActiveCfg = Debug|Any CPU
		{A94E6533-4025-4A7F-B684-28155A5715BB}.Debug|Any CPU.Build.0 = Debug|Any CPU
		{A94E6533-4025-4A7F-B684-28155A5715BB}.Release|Any CPU.ActiveCfg = Release|Any CPU
		{A94E6533-4025-4A7F-B684-28155A5715BB}.Release|Any CPU.Build.0 = Release|Any CPU
	EndGlobalSection
	GlobalSection(SolutionProperties) = preSolution
		HideSolutionNode = FALSE
	EndGlobalSection
	GlobalSection(ExtensibilityGlobals) = postSolution
		SolutionGuid = {2BD0935C-87BB-4D65-B1D2-31A295318E5F}
	EndGlobalSection
EndGlobal
