
Microsoft Visual Studio Solution File, Format Version 12.00
# Visual Studio Version 17
VisualStudioVersion = 17.9.34701.34
MinimumVisualStudioVersion = 10.0.40219.1
Project("{FAE04EC0-301F-11D3-BF4B-00C04F79EFBC}") = "estructuraBucleFor", "estructuraBucleFor\estructuraBucleFor.csproj", "{58A07D55-385D-4D96-8F25-7A45366A0111}"
EndProject
Global
	GlobalSection(SolutionConfigurationPlatforms) = preSolution
		Debug|Any CPU = Debug|Any CPU
		Release|Any CPU = Release|Any CPU
	EndGlobalSection
	GlobalSection(ProjectConfigurationPlatforms) = postSolution
		{58A07D55-385D-4D96-8F25-7A45366A0111}.Debug|Any CPU.ActiveCfg = Debug|Any CPU
		{58A07D55-385D-4D96-8F25-7A45366A0111}.Debug|Any CPU.Build.0 = Debug|Any CPU
		{58A07D55-385D-4D96-8F25-7A45366A0111}.Release|Any CPU.ActiveCfg = Release|Any CPU
		{58A07D55-385D-4D96-8F25-7A45366A0111}.Release|Any CPU.Build.0 = Release|Any CPU
	EndGlobalSection
	GlobalSection(SolutionProperties) = preSolution
		HideSolutionNode = FALSE
	EndGlobalSection
	GlobalSection(ExtensibilityGlobals) = postSolution
		SolutionGuid = {CDA302FA-241D-4B77-9D00-1EF03CFDFB5F}
	EndGlobalSection
EndGlobal
