
Microsoft Visual Studio Solution File, Format Version 12.00
# Visual Studio Version 17
VisualStudioVersion = 17.9.34701.34
MinimumVisualStudioVersion = 10.0.40219.1
Project("{FAE04EC0-301F-11D3-BF4B-00C04F79EFBC}") = "numeroPrimooNoPrimo", "numeroPrimooNoPrimo\numeroPrimooNoPrimo.csproj", "{16EECF5E-0827-43E2-8C1B-F54EA2617DC4}"
EndProject
Global
	GlobalSection(SolutionConfigurationPlatforms) = preSolution
		Debug|Any CPU = Debug|Any CPU
		Release|Any CPU = Release|Any CPU
	EndGlobalSection
	GlobalSection(ProjectConfigurationPlatforms) = postSolution
		{16EECF5E-0827-43E2-8C1B-F54EA2617DC4}.Debug|Any CPU.ActiveCfg = Debug|Any CPU
		{16EECF5E-0827-43E2-8C1B-F54EA2617DC4}.Debug|Any CPU.Build.0 = Debug|Any CPU
		{16EECF5E-0827-43E2-8C1B-F54EA2617DC4}.Release|Any CPU.ActiveCfg = Release|Any CPU
		{16EECF5E-0827-43E2-8C1B-F54EA2617DC4}.Release|Any CPU.Build.0 = Release|Any CPU
	EndGlobalSection
	GlobalSection(SolutionProperties) = preSolution
		HideSolutionNode = FALSE
	EndGlobalSection
	GlobalSection(ExtensibilityGlobals) = postSolution
		SolutionGuid = {F6C239FB-B62F-463A-9928-FCA81113C420}
	EndGlobalSection
EndGlobal
