
Microsoft Visual Studio Solution File, Format Version 12.00
# Visual Studio Version 17
VisualStudioVersion = 17.9.34701.34
MinimumVisualStudioVersion = 10.0.40219.1
Project("{FAE04EC0-301F-11D3-BF4B-00C04F79EFBC}") = "StringLibrary", "StringLibrary\StringLibrary.csproj", "{58E6DA51-B8DB-4D83-989E-422E2AB6399F}"
EndProject
Global
	GlobalSection(SolutionConfigurationPlatforms) = preSolution
		Debug|Any CPU = Debug|Any CPU
		Release|Any CPU = Release|Any CPU
	EndGlobalSection
	GlobalSection(ProjectConfigurationPlatforms) = postSolution
		{58E6DA51-B8DB-4D83-989E-422E2AB6399F}.Debug|Any CPU.ActiveCfg = Debug|Any CPU
		{58E6DA51-B8DB-4D83-989E-422E2AB6399F}.Debug|Any CPU.Build.0 = Debug|Any CPU
		{58E6DA51-B8DB-4D83-989E-422E2AB6399F}.Release|Any CPU.ActiveCfg = Release|Any CPU
		{58E6DA51-B8DB-4D83-989E-422E2AB6399F}.Release|Any CPU.Build.0 = Release|Any CPU
	EndGlobalSection
	GlobalSection(SolutionProperties) = preSolution
		HideSolutionNode = FALSE
	EndGlobalSection
	GlobalSection(ExtensibilityGlobals) = postSolution
		SolutionGuid = {893B0FF6-BF8B-47E5-A215-DCD7CC4ABB26}
	EndGlobalSection
EndGlobal
