
Microsoft Visual Studio Solution File, Format Version 12.00
# Visual Studio Version 17
VisualStudioVersion = 17.9.34701.34
MinimumVisualStudioVersion = 10.0.40219.1
Project("{FAE04EC0-301F-11D3-BF4B-00C04F79EFBC}") = "estRepWhileMostrarN", "estRepWhileMostrarN\estRepWhileMostrarN.csproj", "{DEA90468-4B9E-4893-AA15-584CAA4473E8}"
EndProject
Global
	GlobalSection(SolutionConfigurationPlatforms) = preSolution
		Debug|Any CPU = Debug|Any CPU
		Release|Any CPU = Release|Any CPU
	EndGlobalSection
	GlobalSection(ProjectConfigurationPlatforms) = postSolution
		{DEA90468-4B9E-4893-AA15-584CAA4473E8}.Debug|Any CPU.ActiveCfg = Debug|Any CPU
		{DEA90468-4B9E-4893-AA15-584CAA4473E8}.Debug|Any CPU.Build.0 = Debug|Any CPU
		{DEA90468-4B9E-4893-AA15-584CAA4473E8}.Release|Any CPU.ActiveCfg = Release|Any CPU
		{DEA90468-4B9E-4893-AA15-584CAA4473E8}.Release|Any CPU.Build.0 = Release|Any CPU
	EndGlobalSection
	GlobalSection(SolutionProperties) = preSolution
		HideSolutionNode = FALSE
	EndGlobalSection
	GlobalSection(ExtensibilityGlobals) = postSolution
		SolutionGuid = {1FD3473C-0CC8-42AA-BE67-9440D53CF3DB}
	EndGlobalSection
EndGlobal
