
Microsoft Visual Studio Solution File, Format Version 12.00
# Visual Studio Version 17
VisualStudioVersion = 17.9.34701.34
MinimumVisualStudioVersion = 10.0.40219.1
Project("{FAE04EC0-301F-11D3-BF4B-00C04F79EFBC}") = "switchingreseVocal", "switchingreseVocal\switchingreseVocal.csproj", "{A19B49A3-A4C8-45BD-902F-0A3D08B4F499}"
EndProject
Global
	GlobalSection(SolutionConfigurationPlatforms) = preSolution
		Debug|Any CPU = Debug|Any CPU
		Release|Any CPU = Release|Any CPU
	EndGlobalSection
	GlobalSection(ProjectConfigurationPlatforms) = postSolution
		{A19B49A3-A4C8-45BD-902F-0A3D08B4F499}.Debug|Any CPU.ActiveCfg = Debug|Any CPU
		{A19B49A3-A4C8-45BD-902F-0A3D08B4F499}.Debug|Any CPU.Build.0 = Debug|Any CPU
		{A19B49A3-A4C8-45BD-902F-0A3D08B4F499}.Release|Any CPU.ActiveCfg = Release|Any CPU
		{A19B49A3-A4C8-45BD-902F-0A3D08B4F499}.Release|Any CPU.Build.0 = Release|Any CPU
	EndGlobalSection
	GlobalSection(SolutionProperties) = preSolution
		HideSolutionNode = FALSE
	EndGlobalSection
	GlobalSection(ExtensibilityGlobals) = postSolution
		SolutionGuid = {3181D09B-C4D5-4FAB-A3D6-041E1EF9B831}
	EndGlobalSection
EndGlobal
