
Microsoft Visual Studio Solution File, Format Version 12.00
# Visual Studio Version 17
VisualStudioVersion = 17.9.34701.34
MinimumVisualStudioVersion = 10.0.40219.1
Project("{FAE04EC0-301F-11D3-BF4B-00C04F79EFBC}") = "ejercArrayConvertirEnCaracterersY1roMayusculas", "ejercArrayConvertirEnCaracterersY1roMayusculas\ejercArrayConvertirEnCaracterersY1roMayusculas.csproj", "{94DA5DA8-7ABB-44BC-AA84-F1AFEADD8FBF}"
EndProject
Global
	GlobalSection(SolutionConfigurationPlatforms) = preSolution
		Debug|Any CPU = Debug|Any CPU
		Release|Any CPU = Release|Any CPU
	EndGlobalSection
	GlobalSection(ProjectConfigurationPlatforms) = postSolution
		{94DA5DA8-7ABB-44BC-AA84-F1AFEADD8FBF}.Debug|Any CPU.ActiveCfg = Debug|Any CPU
		{94DA5DA8-7ABB-44BC-AA84-F1AFEADD8FBF}.Debug|Any CPU.Build.0 = Debug|Any CPU
		{94DA5DA8-7ABB-44BC-AA84-F1AFEADD8FBF}.Release|Any CPU.ActiveCfg = Release|Any CPU
		{94DA5DA8-7ABB-44BC-AA84-F1AFEADD8FBF}.Release|Any CPU.Build.0 = Release|Any CPU
	EndGlobalSection
	GlobalSection(SolutionProperties) = preSolution
		HideSolutionNode = FALSE
	EndGlobalSection
	GlobalSection(ExtensibilityGlobals) = postSolution
		SolutionGuid = {37D26867-7187-4840-8A1E-A54956F6E21C}
	EndGlobalSection
EndGlobal
