
Microsoft Visual Studio Solution File, Format Version 12.00
# Visual Studio Version 17
VisualStudioVersion = 17.9.34701.34
MinimumVisualStudioVersion = 10.0.40219.1
Project("{FAE04EC0-301F-11D3-BF4B-00C04F79EFBC}") = "ejercArrayControlFactura", "ejercArrayControlFactura\ejercArrayControlFactura.csproj", "{BF2B8CB8-B3C0-4F84-BFE1-FB4468E191CD}"
EndProject
Global
	GlobalSection(SolutionConfigurationPlatforms) = preSolution
		Debug|Any CPU = Debug|Any CPU
		Release|Any CPU = Release|Any CPU
	EndGlobalSection
	GlobalSection(ProjectConfigurationPlatforms) = postSolution
		{BF2B8CB8-B3C0-4F84-BFE1-FB4468E191CD}.Debug|Any CPU.ActiveCfg = Debug|Any CPU
		{BF2B8CB8-B3C0-4F84-BFE1-FB4468E191CD}.Debug|Any CPU.Build.0 = Debug|Any CPU
		{BF2B8CB8-B3C0-4F84-BFE1-FB4468E191CD}.Release|Any CPU.ActiveCfg = Release|Any CPU
		{BF2B8CB8-B3C0-4F84-BFE1-FB4468E191CD}.Release|Any CPU.Build.0 = Release|Any CPU
	EndGlobalSection
	GlobalSection(SolutionProperties) = preSolution
		HideSolutionNode = FALSE
	EndGlobalSection
	GlobalSection(ExtensibilityGlobals) = postSolution
		SolutionGuid = {8CBBF5DC-E5AF-4A38-AE4E-6C5891D4AFAA}
	EndGlobalSection
EndGlobal
